// !$*UTF8*$!
{
	archiveVersion = 1;
	classes = {
	};
	objectVersion = 46;
	objects = {

/* Begin PBXBuildFile section */
		180799411CBBB60F00E3158C /* SidebarTableViewController.m in Sources */ = {isa = PBXBuildFile; fileRef = 180799401CBBB60F00E3158C /* SidebarTableViewController.m */; };
		180799441CBBB93C00E3158C /* SidebarTableViewCell.m in Sources */ = {isa = PBXBuildFile; fileRef = 180799431CBBB93C00E3158C /* SidebarTableViewCell.m */; };
		18DE5A6F1CBA57E100AC5A00 /* main.m in Sources */ = {isa = PBXBuildFile; fileRef = 18DE5A6E1CBA57E100AC5A00 /* main.m */; };
		18DE5A721CBA57E100AC5A00 /* AppDelegate.m in Sources */ = {isa = PBXBuildFile; fileRef = 18DE5A711CBA57E100AC5A00 /* AppDelegate.m */; };
		18DE5A781CBA57E100AC5A00 /* Main.storyboard in Resources */ = {isa = PBXBuildFile; fileRef = 18DE5A761CBA57E100AC5A00 /* Main.storyboard */; };
		18DE5A7B1CBA57E100AC5A00 /* PictureExchanging.xcdatamodeld in Sources */ = {isa = PBXBuildFile; fileRef = 18DE5A791CBA57E100AC5A00 /* PictureExchanging.xcdatamodeld */; };
		18DE5A7D1CBA57E100AC5A00 /* Assets.xcassets in Resources */ = {isa = PBXBuildFile; fileRef = 18DE5A7C1CBA57E100AC5A00 /* Assets.xcassets */; };
		18DE5A801CBA57E100AC5A00 /* LaunchScreen.storyboard in Resources */ = {isa = PBXBuildFile; fileRef = 18DE5A7E1CBA57E100AC5A00 /* LaunchScreen.storyboard */; };
		18DE5A8B1CBA57E100AC5A00 /* PictureExchangingTests.m in Sources */ = {isa = PBXBuildFile; fileRef = 18DE5A8A1CBA57E100AC5A00 /* PictureExchangingTests.m */; };
		18DE5A961CBA57E100AC5A00 /* PictureExchangingUITests.m in Sources */ = {isa = PBXBuildFile; fileRef = 18DE5A951CBA57E100AC5A00 /* PictureExchangingUITests.m */; };
		18DE5AA51CBA664200AC5A00 /* HomeViewController.m in Sources */ = {isa = PBXBuildFile; fileRef = 18DE5AA41CBA664200AC5A00 /* HomeViewController.m */; };
		18DE5AA81CBA668D00AC5A00 /* ChatViewController.m in Sources */ = {isa = PBXBuildFile; fileRef = 18DE5AA71CBA668D00AC5A00 /* ChatViewController.m */; };
		18DE5AAB1CBA66A400AC5A00 /* MineViewController.m in Sources */ = {isa = PBXBuildFile; fileRef = 18DE5AAA1CBA66A400AC5A00 /* MineViewController.m */; };
		18DE5AAE1CBA69F400AC5A00 /* SetViewController.m in Sources */ = {isa = PBXBuildFile; fileRef = 18DE5AAD1CBA69F400AC5A00 /* SetViewController.m */; };
/* End PBXBuildFile section */

/* Begin PBXContainerItemProxy section */
		18DE5A871CBA57E100AC5A00 /* PBXContainerItemProxy */ = {
			isa = PBXContainerItemProxy;
			containerPortal = 18DE5A621CBA57E100AC5A00 /* Project object */;
			proxyType = 1;
			remoteGlobalIDString = 18DE5A691CBA57E100AC5A00;
			remoteInfo = PictureExchanging;
		};
		18DE5A921CBA57E100AC5A00 /* PBXContainerItemProxy */ = {
			isa = PBXContainerItemProxy;
			containerPortal = 18DE5A621CBA57E100AC5A00 /* Project object */;
			proxyType = 1;
			remoteGlobalIDString = 18DE5A691CBA57E100AC5A00;
			remoteInfo = PictureExchanging;
		};
/* End PBXContainerItemProxy section */

/* Begin PBXFileReference section */
		1807993F1CBBB60F00E3158C /* SidebarTableViewController.h */ = {isa = PBXFileReference; fileEncoding = 4; lastKnownFileType = sourcecode.c.h; path = SidebarTableViewController.h; sourceTree = "<group>"; };
		180799401CBBB60F00E3158C /* SidebarTableViewController.m */ = {isa = PBXFileReference; fileEncoding = 4; lastKnownFileType = sourcecode.c.objc; path = SidebarTableViewController.m; sourceTree = "<group>"; };
		180799421CBBB93C00E3158C /* SidebarTableViewCell.h */ = {isa = PBXFileReference; fileEncoding = 4; lastKnownFileType = sourcecode.c.h; path = SidebarTableViewCell.h; sourceTree = "<group>"; };
		180799431CBBB93C00E3158C /* SidebarTableViewCell.m */ = {isa = PBXFileReference; fileEncoding = 4; lastKnownFileType = sourcecode.c.objc; path = SidebarTableViewCell.m; sourceTree = "<group>"; };
		18DE5A6A1CBA57E100AC5A00 /* PictureExchanging.app */ = {isa = PBXFileReference; explicitFileType = wrapper.application; includeInIndex = 0; path = PictureExchanging.app; sourceTree = BUILT_PRODUCTS_DIR; };
		18DE5A6E1CBA57E100AC5A00 /* main.m */ = {isa = PBXFileReference; lastKnownFileType = sourcecode.c.objc; path = main.m; sourceTree = "<group>"; };
		18DE5A701CBA57E100AC5A00 /* AppDelegate.h */ = {isa = PBXFileReference; lastKnownFileType = sourcecode.c.h; path = AppDelegate.h; sourceTree = "<group>"; };
		18DE5A711CBA57E100AC5A00 /* AppDelegate.m */ = {isa = PBXFileReference; lastKnownFileType = sourcecode.c.objc; path = AppDelegate.m; sourceTree = "<group>"; };
		18DE5A771CBA57E100AC5A00 /* Base */ = {isa = PBXFileReference; lastKnownFileType = file.storyboard; name = Base; path = Base.lproj/Main.storyboard; sourceTree = "<group>"; };
		18DE5A7A1CBA57E100AC5A00 /* PictureExchanging.xcdatamodel */ = {isa = PBXFileReference; lastKnownFileType = wrapper.xcdatamodel; path = PictureExchanging.xcdatamodel; sourceTree = "<group>"; };
		18DE5A7C1CBA57E100AC5A00 /* Assets.xcassets */ = {isa = PBXFileReference; lastKnownFileType = folder.assetcatalog; path = Assets.xcassets; sourceTree = "<group>"; };
		18DE5A7F1CBA57E100AC5A00 /* Base */ = {isa = PBXFileReference; lastKnownFileType = file.storyboard; name = Base; path = Base.lproj/LaunchScreen.storyboard; sourceTree = "<group>"; };
		18DE5A811CBA57E100AC5A00 /* Info.plist */ = {isa = PBXFileReference; lastKnownFileType = text.plist.xml; path = Info.plist; sourceTree = "<group>"; };
		18DE5A861CBA57E100AC5A00 /* PictureExchangingTests.xctest */ = {isa = PBXFileReference; explicitFileType = wrapper.cfbundle; includeInIndex = 0; path = PictureExchangingTests.xctest; sourceTree = BUILT_PRODUCTS_DIR; };
		18DE5A8A1CBA57E100AC5A00 /* PictureExchangingTests.m */ = {isa = PBXFileReference; lastKnownFileType = sourcecode.c.objc; path = PictureExchangingTests.m; sourceTree = "<group>"; };
		18DE5A8C1CBA57E100AC5A00 /* Info.plist */ = {isa = PBXFileReference; lastKnownFileType = text.plist.xml; path = Info.plist; sourceTree = "<group>"; };
		18DE5A911CBA57E100AC5A00 /* PictureExchangingUITests.xctest */ = {isa = PBXFileReference; explicitFileType = wrapper.cfbundle; includeInIndex = 0; path = PictureExchangingUITests.xctest; sourceTree = BUILT_PRODUCTS_DIR; };
		18DE5A951CBA57E100AC5A00 /* PictureExchangingUITests.m */ = {isa = PBXFileReference; lastKnownFileType = sourcecode.c.objc; path = PictureExchangingUITests.m; sourceTree = "<group>"; };
		18DE5A971CBA57E100AC5A00 /* Info.plist */ = {isa = PBXFileReference; lastKnownFileType = text.plist.xml; path = Info.plist; sourceTree = "<group>"; };
		18DE5AA31CBA664200AC5A00 /* HomeViewController.h */ = {isa = PBXFileReference; fileEncoding = 4; lastKnownFileType = sourcecode.c.h; path = HomeViewController.h; sourceTree = "<group>"; };
		18DE5AA41CBA664200AC5A00 /* HomeViewController.m */ = {isa = PBXFileReference; fileEncoding = 4; lastKnownFileType = sourcecode.c.objc; path = HomeViewController.m; sourceTree = "<group>"; };
		18DE5AA61CBA668D00AC5A00 /* ChatViewController.h */ = {isa = PBXFileReference; fileEncoding = 4; lastKnownFileType = sourcecode.c.h; path = ChatViewController.h; sourceTree = "<group>"; };
		18DE5AA71CBA668D00AC5A00 /* ChatViewController.m */ = {isa = PBXFileReference; fileEncoding = 4; lastKnownFileType = sourcecode.c.objc; path = ChatViewController.m; sourceTree = "<group>"; };
		18DE5AA91CBA66A400AC5A00 /* MineViewController.h */ = {isa = PBXFileReference; fileEncoding = 4; lastKnownFileType = sourcecode.c.h; path = MineViewController.h; sourceTree = "<group>"; };
		18DE5AAA1CBA66A400AC5A00 /* MineViewController.m */ = {isa = PBXFileReference; fileEncoding = 4; lastKnownFileType = sourcecode.c.objc; path = MineViewController.m; sourceTree = "<group>"; };
		18DE5AAC1CBA69F400AC5A00 /* SetViewController.h */ = {isa = PBXFileReference; fileEncoding = 4; lastKnownFileType = sourcecode.c.h; path = SetViewController.h; sourceTree = "<group>"; };
		18DE5AAD1CBA69F400AC5A00 /* SetViewController.m */ = {isa = PBXFileReference; fileEncoding = 4; lastKnownFileType = sourcecode.c.objc; path = SetViewController.m; sourceTree = "<group>"; };
/* End PBXFileReference section */

/* Begin PBXFrameworksBuildPhase section */
		18DE5A671CBA57E100AC5A00 /* Frameworks */ = {
			isa = PBXFrameworksBuildPhase;
			buildActionMask = 2147483647;
			files = (
			);
			runOnlyForDeploymentPostprocessing = 0;
		};
		18DE5A831CBA57E100AC5A00 /* Frameworks */ = {
			isa = PBXFrameworksBuildPhase;
			buildActionMask = 2147483647;
			files = (
			);
			runOnlyForDeploymentPostprocessing = 0;
		};
		18DE5A8E1CBA57E100AC5A00 /* Frameworks */ = {
			isa = PBXFrameworksBuildPhase;
			buildActionMask = 2147483647;
			files = (
			);
			runOnlyForDeploymentPostprocessing = 0;
		};
/* End PBXFrameworksBuildPhase section */

/* Begin PBXGroup section */
		18DE5A611CBA57E100AC5A00 = {
			isa = PBXGroup;
			children = (
				18DE5A6C1CBA57E100AC5A00 /* PictureExchanging */,
				18DE5A891CBA57E100AC5A00 /* PictureExchangingTests */,
				18DE5A941CBA57E100AC5A00 /* PictureExchangingUITests */,
				18DE5A6B1CBA57E100AC5A00 /* Products */,
			);
			sourceTree = "<group>";
		};
		18DE5A6B1CBA57E100AC5A00 /* Products */ = {
			isa = PBXGroup;
			children = (
				18DE5A6A1CBA57E100AC5A00 /* PictureExchanging.app */,
				18DE5A861CBA57E100AC5A00 /* PictureExchangingTests.xctest */,
				18DE5A911CBA57E100AC5A00 /* PictureExchangingUITests.xctest */,
			);
			name = Products;
			sourceTree = "<group>";
		};
		18DE5A6C1CBA57E100AC5A00 /* PictureExchanging */ = {
			isa = PBXGroup;
			children = (
				18DE5A701CBA57E100AC5A00 /* AppDelegate.h */,
				18DE5A711CBA57E100AC5A00 /* AppDelegate.m */,
				18DE5AA31CBA664200AC5A00 /* HomeViewController.h */,
				18DE5AA41CBA664200AC5A00 /* HomeViewController.m */,
				18DE5AA61CBA668D00AC5A00 /* ChatViewController.h */,
				18DE5AA71CBA668D00AC5A00 /* ChatViewController.m */,
				18DE5AA91CBA66A400AC5A00 /* MineViewController.h */,
				18DE5AAA1CBA66A400AC5A00 /* MineViewController.m */,
				18DE5AAC1CBA69F400AC5A00 /* SetViewController.h */,
				18DE5AAD1CBA69F400AC5A00 /* SetViewController.m */,
				1807993F1CBBB60F00E3158C /* SidebarTableViewController.h */,
				180799401CBBB60F00E3158C /* SidebarTableViewController.m */,
				180799421CBBB93C00E3158C /* SidebarTableViewCell.h */,
				180799431CBBB93C00E3158C /* SidebarTableViewCell.m */,
				18DE5A761CBA57E100AC5A00 /* Main.storyboard */,
				18DE5A7C1CBA57E100AC5A00 /* Assets.xcassets */,
				18DE5A7E1CBA57E100AC5A00 /* LaunchScreen.storyboard */,
				18DE5A811CBA57E100AC5A00 /* Info.plist */,
				18DE5A791CBA57E100AC5A00 /* PictureExchanging.xcdatamodeld */,
				18DE5A6D1CBA57E100AC5A00 /* Supporting Files */,
			);
			path = PictureExchanging;
			sourceTree = "<group>";
		};
		18DE5A6D1CBA57E100AC5A00 /* Supporting Files */ = {
			isa = PBXGroup;
			children = (
				18DE5A6E1CBA57E100AC5A00 /* main.m */,
			);
			name = "Supporting Files";
			sourceTree = "<group>";
		};
		18DE5A891CBA57E100AC5A00 /* PictureExchangingTests */ = {
			isa = PBXGroup;
			children = (
				18DE5A8A1CBA57E100AC5A00 /* PictureExchangingTests.m */,
				18DE5A8C1CBA57E100AC5A00 /* Info.plist */,
			);
			path = PictureExchangingTests;
			sourceTree = "<group>";
		};
		18DE5A941CBA57E100AC5A00 /* PictureExchangingUITests */ = {
			isa = PBXGroup;
			children = (
				18DE5A951CBA57E100AC5A00 /* PictureExchangingUITests.m */,
				18DE5A971CBA57E100AC5A00 /* Info.plist */,
			);
			path = PictureExchangingUITests;
			sourceTree = "<group>";
		};
/* End PBXGroup section */

/* Begin PBXNativeTarget section */
		18DE5A691CBA57E100AC5A00 /* PictureExchanging */ = {
			isa = PBXNativeTarget;
			buildConfigurationList = 18DE5A9A1CBA57E100AC5A00 /* Build configuration list for PBXNativeTarget "PictureExchanging" */;
			buildPhases = (
				18DE5A661CBA57E100AC5A00 /* Sources */,
				18DE5A671CBA57E100AC5A00 /* Frameworks */,
				18DE5A681CBA57E100AC5A00 /* Resources */,
			);
			buildRules = (
			);
			dependencies = (
			);
			name = PictureExchanging;
			productName = PictureExchanging;
			productReference = 18DE5A6A1CBA57E100AC5A00 /* PictureExchanging.app */;
			productType = "com.apple.product-type.application";
		};
		18DE5A851CBA57E100AC5A00 /* PictureExchangingTests */ = {
			isa = PBXNativeTarget;
			buildConfigurationList = 18DE5A9D1CBA57E100AC5A00 /* Build configuration list for PBXNativeTarget "PictureExchangingTests" */;
			buildPhases = (
				18DE5A821CBA57E100AC5A00 /* Sources */,
				18DE5A831CBA57E100AC5A00 /* Frameworks */,
				18DE5A841CBA57E100AC5A00 /* Resources */,
			);
			buildRules = (
			);
			dependencies = (
				18DE5A881CBA57E100AC5A00 /* PBXTargetDependency */,
			);
			name = PictureExchangingTests;
			productName = PictureExchangingTests;
			productReference = 18DE5A861CBA57E100AC5A00 /* PictureExchangingTests.xctest */;
			productType = "com.apple.product-type.bundle.unit-test";
		};
		18DE5A901CBA57E100AC5A00 /* PictureExchangingUITests */ = {
			isa = PBXNativeTarget;
			buildConfigurationList = 18DE5AA01CBA57E100AC5A00 /* Build configuration list for PBXNativeTarget "PictureExchangingUITests" */;
			buildPhases = (
				18DE5A8D1CBA57E100AC5A00 /* Sources */,
				18DE5A8E1CBA57E100AC5A00 /* Frameworks */,
				18DE5A8F1CBA57E100AC5A00 /* Resources */,
			);
			buildRules = (
			);
			dependencies = (
				18DE5A931CBA57E100AC5A00 /* PBXTargetDependency */,
			);
			name = PictureExchangingUITests;
			productName = PictureExchangingUITests;
			productReference = 18DE5A911CBA57E100AC5A00 /* PictureExchangingUITests.xctest */;
			productType = "com.apple.product-type.bundle.ui-testing";
		};
/* End PBXNativeTarget section */

/* Begin PBXProject section */
		18DE5A621CBA57E100AC5A00 /* Project object */ = {
			isa = PBXProject;
			attributes = {
				LastUpgradeCheck = 0720;
				ORGANIZATIONNAME = RedBird;
				TargetAttributes = {
					18DE5A691CBA57E100AC5A00 = {
						CreatedOnToolsVersion = 7.2.1;
					};
					18DE5A851CBA57E100AC5A00 = {
						CreatedOnToolsVersion = 7.2.1;
						TestTargetID = 18DE5A691CBA57E100AC5A00;
					};
					18DE5A901CBA57E100AC5A00 = {
						CreatedOnToolsVersion = 7.2.1;
						TestTargetID = 18DE5A691CBA57E100AC5A00;
					};
				};
			};
			buildConfigurationList = 18DE5A651CBA57E100AC5A00 /* Build configuration list for PBXProject "PictureExchanging" */;
			compatibilityVersion = "Xcode 3.2";
			developmentRegion = English;
			hasScannedForEncodings = 0;
			knownRegions = (
				en,
				Base,
			);
			mainGroup = 18DE5A611CBA57E100AC5A00;
			productRefGroup = 18DE5A6B1CBA57E100AC5A00 /* Products */;
			projectDirPath = "";
			projectRoot = "";
			targets = (
				18DE5A691CBA57E100AC5A00 /* PictureExchanging */,
				18DE5A851CBA57E100AC5A00 /* PictureExchangingTests */,
				18DE5A901CBA57E100AC5A00 /* PictureExchangingUITests */,
			);
		};
/* End PBXProject section */

/* Begin PBXResourcesBuildPhase section */
		18DE5A681CBA57E100AC5A00 /* Resources */ = {
			isa = PBXResourcesBuildPhase;
			buildActionMask = 2147483647;
			files = (
				18DE5A801CBA57E100AC5A00 /* LaunchScreen.storyboard in Resources */,
				18DE5A7D1CBA57E100AC5A00 /* Assets.xcassets in Resources */,
				18DE5A781CBA57E100AC5A00 /* Main.storyboard in Resources */,
			);
			runOnlyForDeploymentPostprocessing = 0;
		};
		18DE5A841CBA57E100AC5A00 /* Resources */ = {
			isa = PBXResourcesBuildPhase;
			buildActionMask = 2147483647;
			files = (
			);
			runOnlyForDeploymentPostprocessing = 0;
		};
		18DE5A8F1CBA57E100AC5A00 /* Resources */ = {
			isa = PBXResourcesBuildPhase;
			buildActionMask = 2147483647;
			files = (
			);
			runOnlyForDeploymentPostprocessing = 0;
		};
/* End PBXResourcesBuildPhase section */

/* Begin PBXSourcesBuildPhase section */
		18DE5A661CBA57E100AC5A00 /* Sources */ = {
			isa = PBXSourcesBuildPhase;
			buildActionMask = 2147483647;
			files = (
				180799411CBBB60F00E3158C /* SidebarTableViewController.m in Sources */,
				18DE5A721CBA57E100AC5A00 /* AppDelegate.m in Sources */,
				18DE5A7B1CBA57E100AC5A00 /* PictureExchanging.xcdatamodeld in Sources */,
				18DE5AA81CBA668D00AC5A00 /* ChatViewController.m in Sources */,
				18DE5AAE1CBA69F400AC5A00 /* SetViewController.m in Sources */,
				18DE5AAB1CBA66A400AC5A00 /* MineViewController.m in Sources */,
				18DE5A6F1CBA57E100AC5A00 /* main.m in Sources */,
				180799441CBBB93C00E3158C /* SidebarTableViewCell.m in Sources */,
				18DE5AA51CBA664200AC5A00 /* HomeViewController.m in Sources */,
			);
			runOnlyForDeploymentPostprocessing = 0;
		};
		18DE5A821CBA57E100AC5A00 /* Sources */ = {
			isa = PBXSourcesBuildPhase;
			buildActionMask = 2147483647;
			files = (
				18DE5A8B1CBA57E100AC5A00 /* PictureExchangingTests.m in Sources */,
			);
			runOnlyForDeploymentPostprocessing = 0;
		};
		18DE5A8D1CBA57E100AC5A00 /* Sources */ = {
			isa = PBXSourcesBuildPhase;
			buildActionMask = 2147483647;
			files = (
				18DE5A961CBA57E100AC5A00 /* PictureExchangingUITests.m in Sources */,
			);
			runOnlyForDeploymentPostprocessing = 0;
		};
/* End PBXSourcesBuildPhase section */

/* Begin PBXTargetDependency section */
		18DE5A881CBA57E100AC5A00 /* PBXTargetDependency */ = {
			isa = PBXTargetDependency;
			target = 18DE5A691CBA57E100AC5A00 /* PictureExchanging */;
			targetProxy = 18DE5A871CBA57E100AC5A00 /* PBXContainerItemProxy */;
		};
		18DE5A931CBA57E100AC5A00 /* PBXTargetDependency */ = {
			isa = PBXTargetDependency;
			target = 18DE5A691CBA57E100AC5A00 /* PictureExchanging */;
			targetProxy = 18DE5A921CBA57E100AC5A00 /* PBXContainerItemProxy */;
		};
/* End PBXTargetDependency section */

/* Begin PBXVariantGroup section */
		18DE5A761CBA57E100AC5A00 /* Main.storyboard */ = {
			isa = PBXVariantGroup;
			children = (
				18DE5A771CBA57E100AC5A00 /* Base */,
			);
			name = Main.storyboard;
			sourceTree = "<group>";
		};
		18DE5A7E1CBA57E100AC5A00 /* LaunchScreen.storyboard */ = {
			isa = PBXVariantGroup;
			children = (
				18DE5A7F1CBA57E100AC5A00 /* Base */,
			);
			name = LaunchScreen.storyboard;
			sourceTree = "<group>";
		};
/* End PBXVariantGroup section */

/* Begin XCBuildConfiguration section */
		18DE5A981CBA57E100AC5A00 /* Debug */ = {
			isa = XCBuildConfiguration;
			buildSettings = {
				ALWAYS_SEARCH_USER_PATHS = NO;
				CLANG_CXX_LANGUAGE_STANDARD = "gnu++0x";
				CLANG_CXX_LIBRARY = "libc++";
				CLANG_ENABLE_MODULES = YES;
				CLANG_ENABLE_OBJC_ARC = YES;
				CLANG_WARN_BOOL_CONVERSION = YES;
				CLANG_WARN_CONSTANT_CONVERSION = YES;
				CLANG_WARN_DIRECT_OBJC_ISA_USAGE = YES_ERROR;
				CLANG_WARN_EMPTY_BODY = YES;
				CLANG_WARN_ENUM_CONVERSION = YES;
				CLANG_WARN_INT_CONVERSION = YES;
				CLANG_WARN_OBJC_ROOT_CLASS = YES_ERROR;
				CLANG_WARN_UNREACHABLE_CODE = YES;
				CLANG_WARN__DUPLICATE_METHOD_MATCH = YES;
				"CODE_SIGN_IDENTITY[sdk=iphoneos*]" = "iPhone Developer";
				COPY_PHASE_STRIP = NO;
				DEBUG_INFORMATION_FORMAT = dwarf;
				ENABLE_STRICT_OBJC_MSGSEND = YES;
				ENABLE_TESTABILITY = YES;
				GCC_C_LANGUAGE_STANDARD = gnu99;
				GCC_DYNAMIC_NO_PIC = NO;
				GCC_NO_COMMON_BLOCKS = YES;
				GCC_OPTIMIZATION_LEVEL = 0;
				GCC_PREPROCESSOR_DEFINITIONS = (
					"DEBUG=1",
					"$(inherited)",
				);
				GCC_WARN_64_TO_32_BIT_CONVERSION = YES;
				GCC_WARN_ABOUT_RETURN_TYPE = YES_ERROR;
				GCC_WARN_UNDECLARED_SELECTOR = YES;
				GCC_WARN_UNINITIALIZED_AUTOS = YES_AGGRESSIVE;
				GCC_WARN_UNUSED_FUNCTION = YES;
				GCC_WARN_UNUSED_VARIABLE = YES;
				IPHONEOS_DEPLOYMENT_TARGET = 9.2;
				MTL_ENABLE_DEBUG_INFO = YES;
				ONLY_ACTIVE_ARCH = YES;
				SDKROOT = iphoneos;
				TARGETED_DEVICE_FAMILY = "1,2";
			};
			name = Debug;
		};
		18DE5A991CBA57E100AC5A00 /* Release */ = {
			isa = XCBuildConfiguration;
			buildSettings = {
				ALWAYS_SEARCH_USER_PATHS = NO;
				CLANG_CXX_LANGUAGE_STANDARD = "gnu++0x";
				CLANG_CXX_LIBRARY = "libc++";
				CLANG_ENABLE_MODULES = YES;
				CLANG_ENABLE_OBJC_ARC = YES;
				CLANG_WARN_BOOL_CONVERSION = YES;
				CLANG_WARN_CONSTANT_CONVERSION = YES;
				CLANG_WARN_DIRECT_OBJC_ISA_USAGE = YES_ERROR;
				CLANG_WARN_EMPTY_BODY = YES;
				CLANG_WARN_ENUM_CONVERSION = YES;
				CLANG_WARN_INT_CONVERSION = YES;
				CLANG_WARN_OBJC_ROOT_CLASS = YES_ERROR;
				CLANG_WARN_UNREACHABLE_CODE = YES;
				CLANG_WARN__DUPLICATE_METHOD_MATCH = YES;
				"CODE_SIGN_IDENTITY[sdk=iphoneos*]" = "iPhone Developer";
				COPY_PHASE_STRIP = NO;
				DEBUG_INFORMATION_FORMAT = "dwarf-with-dsym";
				ENABLE_NS_ASSERTIONS = NO;
				ENABLE_STRICT_OBJC_MSGSEND = YES;
				GCC_C_LANGUAGE_STANDARD = gnu99;
				GCC_NO_COMMON_BLOCKS = YES;
				GCC_WARN_64_TO_32_BIT_CONVERSION = YES;
				GCC_WARN_ABOUT_RETURN_TYPE = YES_ERROR;
				GCC_WARN_UNDECLARED_SELECTOR = YES;
				GCC_WARN_UNINITIALIZED_AUTOS = YES_AGGRESSIVE;
				GCC_WARN_UNUSED_FUNCTION = YES;
				GCC_WARN_UNUSED_VARIABLE = YES;
				IPHONEOS_DEPLOYMENT_TARGET = 9.2;
				MTL_ENABLE_DEBUG_INFO = NO;
				SDKROOT = iphoneos;
				TARGETED_DEVICE_FAMILY = "1,2";
				VALIDATE_PRODUCT = YES;
			};
			name = Release;
		};
		18DE5A9B1CBA57E100AC5A00 /* Debug */ = {
			isa = XCBuildConfiguration;
			buildSettings = {
				ASSETCATALOG_COMPILER_APPICON_NAME = AppIcon;
				INFOPLIST_FILE = PictureExchanging/Info.plist;
				LD_RUNPATH_SEARCH_PATHS = "$(inherited) @executable_path/Frameworks";
				PRODUCT_BUNDLE_IDENTIFIER = RB.PictureExchanging;
				PRODUCT_NAME = "$(TARGET_NAME)";
			};
			name = Debug;
		};
		18DE5A9C1CBA57E100AC5A00 /* Release */ = {
			isa = XCBuildConfiguration;
			buildSettings = {
				ASSETCATALOG_COMPILER_APPICON_NAME = AppIcon;
				INFOPLIST_FILE = PictureExchanging/Info.plist;
				LD_RUNPATH_SEARCH_PATHS = "$(inherited) @executable_path/Frameworks";
				PRODUCT_BUNDLE_IDENTIFIER = RB.PictureExchanging;
				PRODUCT_NAME = "$(TARGET_NAME)";
			};
			name = Release;
		};
		18DE5A9E1CBA57E100AC5A00 /* Debug */ = {
			isa = XCBuildConfiguration;
			buildSettings = {
				BUNDLE_LOADER = "$(TEST_HOST)";
				INFOPLIST_FILE = PictureExchangingTests/Info.plist;
				LD_RUNPATH_SEARCH_PATHS = "$(inherited) @executable_path/Frameworks @loader_path/Frameworks";
				PRODUCT_BUNDLE_IDENTIFIER = RB.PictureExchangingTests;
				PRODUCT_NAME = "$(TARGET_NAME)";
				TEST_HOST = "$(BUILT_PRODUCTS_DIR)/PictureExchanging.app/PictureExchanging";
			};
			name = Debug;
		};
		18DE5A9F1CBA57E100AC5A00 /* Release */ = {
			isa = XCBuildConfiguration;
			buildSettings = {
				BUNDLE_LOADER = "$(TEST_HOST)";
				INFOPLIST_FILE = PictureExchangingTests/Info.plist;
				LD_RUNPATH_SEARCH_PATHS = "$(inherited) @executable_path/Frameworks @loader_path/Frameworks";
				PRODUCT_BUNDLE_IDENTIFIER = RB.PictureExchangingTests;
				PRODUCT_NAME = "$(TARGET_NAME)";
				TEST_HOST = "$(BUILT_PRODUCTS_DIR)/PictureExchanging.app/PictureExchanging";
			};
			name = Release;
		};
		18DE5AA11CBA57E100AC5A00 /* Debug */ = {
			isa = XCBuildConfiguration;
			buildSettings = {
				INFOPLIST_FILE = PictureExchangingUITests/Info.plist;
				LD_RUNPATH_SEARCH_PATHS = "$(inherited) @executable_path/Frameworks @loader_path/Frameworks";
				PRODUCT_BUNDLE_IDENTIFIER = RB.PictureExchangingUITests;
				PRODUCT_NAME = "$(TARGET_NAME)";
				TEST_TARGET_NAME = PictureExchanging;
				USES_XCTRUNNER = YES;
			};
			name = Debug;
		};
		18DE5AA21CBA57E100AC5A00 /* Release */ = {
			isa = XCBuildConfiguration;
			buildSettings = {
				INFOPLIST_FILE = PictureExchangingUITests/Info.plist;
				LD_RUNPATH_SEARCH_PATHS = "$(inherited) @executable_path/Frameworks @loader_path/Frameworks";
				PRODUCT_BUNDLE_IDENTIFIER = RB.PictureExchangingUITests;
				PRODUCT_NAME = "$(TARGET_NAME)";
				TEST_TARGET_NAME = PictureExchanging;
				USES_XCTRUNNER = YES;
			};
			name = Release;
		};
/* End XCBuildConfiguration section */

/* Begin XCConfigurationList section */
		18DE5A651CBA57E100AC5A00 /* Build configuration list for PBXProject "PictureExchanging" */ = {
			isa = XCConfigurationList;
			buildConfigurations = (
				18DE5A981CBA57E100AC5A00 /* Debug */,
				18DE5A991CBA57E100AC5A00 /* Release */,
			);
			defaultConfigurationIsVisible = 0;
			defaultConfigurationName = Release;
		};
		18DE5A9A1CBA57E100AC5A00 /* Build configuration list for PBXNativeTarget "PictureExchanging" */ = {
			isa = XCConfigurationList;
			buildConfigurations = (
				18DE5A9B1CBA57E100AC5A00 /* Debug */,
				18DE5A9C1CBA57E100AC5A00 /* Release */,
			);
			defaultConfigurationIsVisible = 0;
			defaultConfigurationName = Release;
		};
		18DE5A9D1CBA57E100AC5A00 /* Build configuration list for PBXNativeTarget "PictureExchangingTests" */ = {
			isa = XCConfigurationList;
			buildConfigurations = (
				18DE5A9E1CBA57E100AC5A00 /* Debug */,
				18DE5A9F1CBA57E100AC5A00 /* Release */,
			);
			defaultConfigurationIsVisible = 0;
			defaultConfigurationName = Release;
		};
		18DE5AA01CBA57E100AC5A00 /* Build configuration list for PBXNativeTarget "PictureExchangingUITests" */ = {
			isa = XCConfigurationList;
			buildConfigurations = (
				18DE5AA11CBA57E100AC5A00 /* Debug */,
				18DE5AA21CBA57E100AC5A00 /* Release */,
			);
			defaultConfigurationIsVisible = 0;
			defaultConfigurationName = Release;
		};
/* End XCConfigurationList section */

/* Begin XCVersionGroup section */
		18DE5A791CBA57E100AC5A00 /* PictureExchanging.xcdatamodeld */ = {
			isa = XCVersionGroup;
			children = (
				18DE5A7A1CBA57E100AC5A00 /* PictureExchanging.xcdatamodel */,
			);
			currentVersion = 18DE5A7A1CBA57E100AC5A00 /* PictureExchanging.xcdatamodel */;
			path = PictureExchanging.xcdatamodeld;
			sourceTree = "<group>";
			versionGroupType = wrapper.xcdatamodel;
		};
/* End XCVersionGroup section */
	};
	rootObject = 18DE5A621CBA57E100AC5A00 /* Project object */;
}
